
Microsoft Visual Studio Solution File, Format Version 12.00
# Visual Studio Version 17
VisualStudioVersion = 17.11.35222.181
MinimumVisualStudioVersion = 10.0.40219.1
Project("{FAE04EC0-301F-11D3-BF4B-00C04F79EFBC}") = "BoxOfficeGuesser", "BoxOfficeGuesser\BoxOfficeGuesser.csproj", "{12F50C53-DF62-6CDC-DB70-663E13CCAC6F}"
EndProject
Global
	GlobalSection(SolutionConfigurationPlatforms) = preSolution
		Debug|Any CPU = Debug|Any CPU
		Release|Any CPU = Release|Any CPU
	EndGlobalSection
	GlobalSection(ProjectConfigurationPlatforms) = postSolution
		{12F50C53-DF62-6CDC-DB70-663E13CCAC6F}.Debug|Any CPU.ActiveCfg = Debug|Any CPU
		{12F50C53-DF62-6CDC-DB70-663E13CCAC6F}.Debug|Any CPU.Build.0 = Debug|Any CPU
		{12F50C53-DF62-6CDC-DB70-663E13CCAC6F}.Release|Any CPU.ActiveCfg = Release|Any CPU
		{12F50C53-DF62-6CDC-DB70-663E13CCAC6F}.Release|Any CPU.Build.0 = Release|Any CPU
	EndGlobalSection
	GlobalSection(SolutionProperties) = preSolution
		HideSolutionNode = FALSE
	EndGlobalSection
	GlobalSection(ExtensibilityGlobals) = postSolution
		SolutionGuid = {FF483217-1451-429B-BE57-0AC3F51E8656}
	EndGlobalSection
EndGlobal
